hash: ed5e36530f311421c657f9bdec6b56f562a8a55a38b588b110aba3ab17098b0d
updated: 2017-11-02T10:53:31.708333634+03:00
imports:
- name: github.com/apache/thrift
  version: a533ea1615e9df935e77b99440cf264c6b417e3e
  subpackages:
  - lib/go/thrift
- name: github.com/beorn7/perks
  version: 4c0e84591b9aa9e6dcfdf3e020114cd81f89d5f9
  subpackages:
  - quantile
- name: github.com/coredns/coredns
  version: 2c80551fdc1ac409eb11dc8dd9e7fe90fb04d90c
  subpackages:
  - core/dnsserver
  - pb
  - plugin
  - plugin/dnstap
  - plugin/dnstap/dnstapio
  - plugin/dnstap/msg
  - plugin/dnstap/out
  - plugin/dnstap/taprw
  - plugin/dnstap/test
  - plugin/etcd/msg
  - plugin/metrics/vars
  - plugin/pkg/dnstest
  - plugin/pkg/dnsutil
  - plugin/pkg/edns
  - plugin/pkg/rcode
  - plugin/pkg/trace
  - plugin/test
  - request
- name: github.com/davecgh/go-spew
  version: 04cdfd42973bb9c8589fd6a731800cf222fde1a9
  subpackages:
  - spew
- name: github.com/dnstap/golang-dnstap
  version: 2cf77a2b5e11ac8d0ba3892772ac8e1f7b528344
- name: github.com/eapache/go-resiliency
  version: b1fe83b5b03f624450823b751b662259ffc6af70
  subpackages:
  - breaker
- name: github.com/eapache/go-xerial-snappy
  version: bb955e01b9346ac19dc29eb16586c90ded99a98c
- name: github.com/eapache/queue
  version: 44cc805cf13205b55f69e14bcb69867d1ae92f98
- name: github.com/farsightsec/golang-framestream
  version: dec85654e8b8cf6712870afb14ee53d1c98cd5e2
- name: github.com/flynn/go-shlex
  version: 3f9db97f856818214da2e1057f8ad84803971cff
  repo: https://github.com/flynn/go-shlex
- name: github.com/go-logfmt/logfmt
  version: 390ab7935ee28ec6b286364bba9b4dd6410cb3d5
- name: github.com/gogo/protobuf
  version: 117892bf1866fbaa2318c03e50e40564c8845457
  subpackages:
  - proto
- name: github.com/golang/protobuf
  version: 748d386b5c1ea99658fd69fe9f03991ce86a90c1
  subpackages:
  - proto
  - ptypes
  - ptypes/any
  - ptypes/duration
  - ptypes/timestamp
- name: github.com/golang/snappy
  version: 553a641470496b2327abcac10b36396bd98e45c9
- name: github.com/google/uuid
  version: 064e2069ce9c359c118179501254f67d7d37ba24
- name: github.com/grpc-ecosystem/grpc-opentracing
  version: a570af39704b9f3d4bb530d83192a99ea6337d5a
  subpackages:
  - go/otgrpc
- name: github.com/infobloxopen/go-trees
  version: 7665ffa2af9ca81c9b31b34ad797f9e1ea3043c1
  subpackages:
  - domaintree
  - iptree
  - numtree
  - strtree
- name: github.com/klauspost/compress
  version: d3a829afd165e1e870f10e010000bfa9db586d17
  subpackages:
  - flate
  - gzip
  - zlib
- name: github.com/klauspost/cpuid
  version: ae7887de9fa5d2db4eaa8174a7eff2c1ac00f2da
- name: github.com/kr/logfmt
  version: b84e30acd515aadc4b783ad4ff83aff3299bdfe0
- name: github.com/matttproud/golang_protobuf_extensions
  version: c12348ce28de40eed0136aa2b644d0ee0650e56c
  subpackages:
  - pbutil
- name: github.com/mholt/caddy
  version: 34a34c565d63c5ab19e1123a2619f488f645bc38
  subpackages:
  - caddyfile
- name: github.com/miekg/dns
  version: 0f3adef2e2201d72e50309a36fc99d8a9d1a4960
  subpackages:
  - internal/socket
- name: github.com/opentracing-contrib/go-observer
  version: a52f2342449246d5bcc273e65cbdcfa5f7d6c63c
- name: github.com/opentracing/opentracing-go
  version: 1361b9cd60be79c4c3a7fa9841b3c132e40066a7
  subpackages:
  - ext
  - log
- name: github.com/openzipkin/zipkin-go-opentracing
  version: a527e1898100679e84de74ad476ce81dfa6dc2b0
  subpackages:
  - flag
  - thrift/gen-go/scribe
  - thrift/gen-go/zipkincore
  - types
  - wire
- name: github.com/pierrec/lz4
  version: 08c27939df1bd95e881e2c2367a749964ad1fceb
- name: github.com/pierrec/xxHash
  version: a0006b13c722f7f12368c00a3d3c2ae8a999a0c6
  subpackages:
  - xxHash32
- name: github.com/prometheus/client_golang
  version: 5cec1d0429b02e4323e042eb04dafdb079ddf568
  subpackages:
  - prometheus
- name: github.com/prometheus/client_model
  version: 6f3806018612930941127f2a7c6c453ba2c527d2
  subpackages:
  - go
- name: github.com/prometheus/common
  version: 1bab55dd05dbff384524a6a1c99006d9eb5f139b
  subpackages:
  - expfmt
  - internal/bitbucket.org/ww/goautoneg
  - model
- name: github.com/prometheus/procfs
  version: a6e9df898b1336106c743392c48ee0b71f5c4efa
  subpackages:
  - xfs
- name: github.com/rcrowley/go-metrics
  version: 1f30fe9094a513ce4c700b9a54458bbb0c96996c
- name: github.com/Shopify/sarama
  version: eca6c1cfdb9b45576efff666be5dda26918aac4f
- name: github.com/Sirupsen/logrus
  version: 89742aefa4b206dcf400792f3bd35b542998eb3b
- name: github.com/valyala/bytebufferpool
  version: e746df99fe4a3986f4d4f79e13c1e0117ce9c2f7
- name: github.com/valyala/fasthttp
  version: 70ceaddfae639b5f0eca290382de18f64d5aa62d
  subpackages:
  - fasthttputil
  - stackless
- name: github.com/valyala/fastrpc
  version: 0b1a558ac7260beec2d23ecf7cf7d3c1444edf5c
  subpackages:
  - tlv
- name: golang.org/x/crypto
  version: 2faea1465de239e4babd8f5905cc25b781712442
  repo: https://go.googlesource.com/crypto
  subpackages:
  - acme
  - curve25519
  - hkdf
  - ocsp
  - ssh/terminal
- name: golang.org/x/net
  version: f5079bd7f6f74e23c4d65efa0f4ce14cbd6a3c0f
  subpackages:
  - context
  - http2
  - http2/hpack
  - idna
  - internal/timeseries
  - lex/httplex
  - trace
- name: golang.org/x/sys
  version: 35ef4487ce0a1ea5d4b616ffe71e34febe723695
  repo: https://go.googlesource.com/sys
  subpackages:
  - unix
- name: golang.org/x/text
  version: 836efe42bb4aa16aaa17b9c155d8813d336ed720
  subpackages:
  - secure/bidirule
  - transform
  - unicode/bidi
  - unicode/norm
- name: google.golang.org/genproto
  version: 03951f3b52582ecab79e5a37a86b5a20c5f64df7
  subpackages:
  - googleapis/rpc/status
- name: google.golang.org/grpc
  version: fb4b2b29e49d653547f46f004953aed4dc3c3249
  subpackages:
  - balancer
  - balancer/roundrobin
  - codes
  - connectivity
  - credentials
  - encoding
  - grpclb/grpc_lb_v1/messages
  - grpclog
  - internal
  - keepalive
  - metadata
  - naming
  - peer
  - resolver
  - resolver/dns
  - resolver/passthrough
  - stats
  - status
  - tap
  - transport
- name: gopkg.in/yaml.v2
  version: eb3733d160e74a9c7e442f435eb3bea458e1d19f
testImports:
- name: github.com/pmezard/go-difflib
  version: d8ed2627bdf02c080bf22230dbb337003b7aba2d
  subpackages:
  - difflib
