hash: 95234e3ae4cfb8b1855cb6a474914fec09dda9b9086027a00949f84703593129
updated: 2017-08-30T12:48:16.849067104+03:00
imports:
- name: github.com/apache/thrift
  version: 19baeefd8c38d62085891d7956349601f79448b3
  subpackages:
  - lib/go/thrift
- name: github.com/beorn7/perks
  version: 4c0e84591b9aa9e6dcfdf3e020114cd81f89d5f9
  subpackages:
  - quantile
- name: github.com/coredns/coredns
  version: 7b8cf9df905a5e5f3fe9918a31edb406d50941d1
  subpackages:
  - core/dnsserver
  - middleware
  - middleware/etcd/msg
  - middleware/metrics/vars
  - middleware/pkg/dnsrecorder
  - middleware/pkg/dnsutil
  - middleware/pkg/edns
  - middleware/pkg/rcode
  - middleware/pkg/trace
  - middleware/test
  - pb
  - request
- name: github.com/davecgh/go-spew
  version: 6d212800a42e8ab5c146b8ace3490ee17e5225f9
  subpackages:
  - spew
- name: github.com/eapache/go-resiliency
  version: b86b1ec0dd4209a588dc1285cdd471e73525c0b3
  subpackages:
  - breaker
- name: github.com/eapache/go-xerial-snappy
  version: bb955e01b9346ac19dc29eb16586c90ded99a98c
- name: github.com/eapache/queue
  version: 44cc805cf13205b55f69e14bcb69867d1ae92f98
- name: github.com/flynn/go-shlex
  version: 3f9db97f856818214da2e1057f8ad84803971cff
  repo: https://github.com/flynn/go-shlex
- name: github.com/go-logfmt/logfmt
  version: 390ab7935ee28ec6b286364bba9b4dd6410cb3d5
- name: github.com/gogo/protobuf
  version: 909568be09de550ed094403c2bf8a261b5bb730a
  subpackages:
  - proto
- name: github.com/golang/protobuf
  version: 748d386b5c1ea99658fd69fe9f03991ce86a90c1
  subpackages:
  - proto
  - ptypes/any
- name: github.com/golang/snappy
  version: 553a641470496b2327abcac10b36396bd98e45c9
- name: github.com/google/uuid
  version: 064e2069ce9c359c118179501254f67d7d37ba24
- name: github.com/grpc-ecosystem/grpc-opentracing
  version: ef7d6c8df7564c20c0a19ed9737f6d67990c61fa
  subpackages:
  - go/otgrpc
- name: github.com/infobloxopen/go-trees
  version: 7665ffa2af9ca81c9b31b34ad797f9e1ea3043c1
  subpackages:
  - domaintree
  - iptree
  - numtree
  - strtree
- name: github.com/klauspost/crc32
  version: 1bab8b35b6bb565f92cbc97939610af9369f942a
- name: github.com/kr/logfmt
  version: b84e30acd515aadc4b783ad4ff83aff3299bdfe0
- name: github.com/matttproud/golang_protobuf_extensions
  version: c12348ce28de40eed0136aa2b644d0ee0650e56c
  subpackages:
  - pbutil
- name: github.com/mholt/caddy
  version: 49e98a151827a3aae7e6ceed194c3180d1bcbe68
  subpackages:
  - caddyfile
- name: github.com/miekg/dns
  version: 4f8d08ab3c3f260afc934e9baf564bede5795458
- name: github.com/opentracing/opentracing-go
  version: 6edb48674bd9467b8e91fda004f2bd7202d60ce4
  subpackages:
  - ext
  - log
- name: github.com/openzipkin/zipkin-go-opentracing
  version: 6022d4d3ed39632fad842942bda1813a9b4f63c8
  subpackages:
  - _thrift/gen-go/scribe
  - _thrift/gen-go/zipkincore
  - flag
  - types
  - wire
- name: github.com/pierrec/lz4
  version: f5b77fd73d83122495309c0f459b810f83cc291f
- name: github.com/pierrec/xxHash
  version: 5a004441f897722c627870a981d02b29924215fa
  subpackages:
  - xxHash32
- name: github.com/prometheus/client_golang
  version: 94ff84a9a6ebb5e6eb9172897c221a64df3443bc
  subpackages:
  - prometheus
- name: github.com/prometheus/client_model
  version: 6f3806018612930941127f2a7c6c453ba2c527d2
  subpackages:
  - go
- name: github.com/prometheus/common
  version: 61f87aac8082fa8c3c5655c7608d7478d46ac2ad
  subpackages:
  - expfmt
  - internal/bitbucket.org/ww/goautoneg
  - model
- name: github.com/prometheus/procfs
  version: e645f4e5aaa8506fc71d6edbc5c4ff02c04c46f2
  subpackages:
  - xfs
- name: github.com/rcrowley/go-metrics
  version: 1f30fe9094a513ce4c700b9a54458bbb0c96996c
- name: github.com/Shopify/sarama
  version: 46dabe0f34a162d428640a0e9714eea9079e7ee2
- name: github.com/Sirupsen/logrus
  version: ba1b36c82c5e05c4f912a88eab0dcd91a171688f
- name: golang.org/x/net
  version: f5079bd7f6f74e23c4d65efa0f4ce14cbd6a3c0f
  subpackages:
  - context
  - http2
  - http2/hpack
  - idna
  - internal/timeseries
  - lex/httplex
  - trace
- name: golang.org/x/sys
  version: 35ef4487ce0a1ea5d4b616ffe71e34febe723695
  repo: https://go.googlesource.com/sys
  subpackages:
  - unix
- name: golang.org/x/text
  version: 836efe42bb4aa16aaa17b9c155d8813d336ed720
  subpackages:
  - secure/bidirule
  - transform
  - unicode/bidi
  - unicode/norm
- name: google.golang.org/genproto
  version: ee236bd376b077c7a89f260c026c4735b195e459
  subpackages:
  - googleapis/rpc/status
- name: google.golang.org/grpc
  version: d2e1b51f33ff8c5e4a15560ff049d200e83726c5
  subpackages:
  - codes
  - credentials
  - grpclb/grpc_lb_v1
  - grpclog
  - internal
  - keepalive
  - metadata
  - naming
  - peer
  - stats
  - status
  - tap
  - transport
- name: gopkg.in/yaml.v2
  version: cd8b52f8269e0feb286dfeef29f8fe4d5b397e0b
testImports:
- name: github.com/pmezard/go-difflib
  version: d8ed2627bdf02c080bf22230dbb337003b7aba2d
  subpackages:
  - difflib
